/net/metagenomics/data/from_moni/old.tzuhao/seq2geno/dev_versions/v5/results/syn_snps.tab
/net/metagenomics/data/from_moni/old.tzuhao/seq2geno/dev_versions/v5/results/syn_snps.tab_GROUPS
/net/metagenomics/data/from_moni/old.tzuhao/seq2geno/dev_versions/v5/results/syn_snps.tab_NON-RDNT
/net/metagenomics/data/from_moni/old.tzuhao/seq2geno/dev_versions/v5/results/nonsyn_snps.tab
/net/metagenomics/data/from_moni/old.tzuhao/seq2geno/dev_versions/v5/results/nonsyn_snps.tab_GROUPS
/net/metagenomics/data/from_moni/old.tzuhao/seq2geno/dev_versions/v5/results/nonsyn_snps.tab_NON-RDNT
/net/metagenomics/data/from_moni/old.tzuhao/seq2geno/dev_versions/v5/results/annot.tab
/net/metagenomics/data/from_moni/old.tzuhao/seq2geno/dev_versions/v5/results/annot.tab_GROUPS
/net/metagenomics/data/from_moni/old.tzuhao/seq2geno/dev_versions/v5/results/annot.tab_NON-RDNT
/net/metagenomics/data/from_moni/old.tzuhao/seq2geno/dev_versions/v5/results/gpa.tab
/net/metagenomics/data/from_moni/old.tzuhao/seq2geno/dev_versions/v5/results/gpa.tab_GROUPS
/net/metagenomics/data/from_moni/old.tzuhao/seq2geno/dev_versions/v5/results/gpa.tab_NON-RDNT
/net/metagenomics/data/from_moni/old.tzuhao/seq2geno/dev_versions/v5/results/expr.tab
/net/metagenomics/data/from_moni/old.tzuhao/seq2geno/dev_versions/v5/results/Paeru.nwk
seq2geno_temp/roary/gene_presence_absence.csv
seq2geno_temp/indel.list
seq2geno_temp/OneBig.var.aln
seq2geno_temp/non-syn_SNPs.tab
seq2geno_temp/syn_SNPs.tab
/net/metagenomics/data/from_moni/old.tzuhao/seq2geno/dev_versions/v5/results/syn_snps.tab
/net/metagenomics/data/from_moni/old.tzuhao/seq2geno/dev_versions/v5/results/nonsyn_snps.tab
/net/metagenomics/data/from_moni/old.tzuhao/seq2geno/dev_versions/v5/results/annot.tab
/net/metagenomics/data/from_moni/old.tzuhao/seq2geno/dev_versions/v5/results/gpa.tab
seq2geno_temp/rpg_dict
seq2geno_temp/CH2500/spades/prokka/CH2500.gff
seq2geno_temp/CH2502/spades/prokka/CH2502.gff
seq2geno_temp/CH2522/spades/prokka/CH2522.gff
seq2geno_temp/F1659/spades/prokka/F1659.gff
seq2geno_temp/ESP088/spades/prokka/ESP088.gff
seq2geno_temp/MHH15083/spades/prokka/MHH15083.gff
seq2geno_temp/extracted_proteins_nt/__snakemake_dynamic___indels.txt
seq2geno_temp/OneBig.aln
seq2geno_temp/DNA_Pool1_final.tab
/net/metagenomics/data/from_moni/old.tzuhao/seq2geno/dev_versions/v5/data/reference/RefCln_UCBPP-PA14.gbk
seq2geno_temp/DNA_Pool1_final.tab
/net/metagenomics/data/from_moni/old.tzuhao/seq2geno/dev_versions/v5/data/reference/RefCln_UCBPP-PA14.gbk
seq2geno_temp/CH2500/rna_sorted.rmdup.rpg
seq2geno_temp/CH2502/rna_sorted.rmdup.rpg
seq2geno_temp/CH2522/rna_sorted.rmdup.rpg
seq2geno_temp/F1659/rna_sorted.rmdup.rpg
seq2geno_temp/ESP088/rna_sorted.rmdup.rpg
seq2geno_temp/MHH15083/rna_sorted.rmdup.rpg
seq2geno_temp/CH2522/spades/prokka/de_novo.gff
seq2geno_temp/CH2500/spades/prokka/de_novo.gff
seq2geno_temp/ESP088/spades/prokka/de_novo.gff
seq2geno_temp/F1659/spades/prokka/de_novo.gff
seq2geno_temp/MHH15083/spades/prokka/de_novo.gff
seq2geno_temp/CH2502/spades/prokka/de_novo.gff
seq2geno_temp/extracted_proteins_nt/__snakemake_dynamic__.vcf
seq2geno_temp/CH2500/bwa/cons.fa
seq2geno_temp/CH2502/bwa/cons.fa
seq2geno_temp/CH2522/bwa/cons.fa
seq2geno_temp/F1659/bwa/cons.fa
seq2geno_temp/ESP088/bwa/cons.fa
seq2geno_temp/MHH15083/bwa/cons.fa
seq2geno_temp/CH2500/bwa/st_variant.fltcnt
seq2geno_temp/CH2502/bwa/st_variant.fltcnt
seq2geno_temp/CH2522/bwa/st_variant.fltcnt
seq2geno_temp/F1659/bwa/st_variant.fltcnt
seq2geno_temp/ESP088/bwa/st_variant.fltcnt
seq2geno_temp/MHH15083/bwa/st_variant.fltcnt
seq2geno_temp/CH2500/bwa/st_variant.snp-vcf
seq2geno_temp/CH2502/bwa/st_variant.snp-vcf
seq2geno_temp/CH2522/bwa/st_variant.snp-vcf
seq2geno_temp/F1659/bwa/st_variant.snp-vcf
seq2geno_temp/ESP088/bwa/st_variant.snp-vcf
seq2geno_temp/MHH15083/bwa/st_variant.snp-vcf
CH2500.flatcount
CH2502.flatcount
CH2522.flatcount
F1659.flatcount
ESP088.flatcount
MHH15083.flatcount
CH2500.flt.vcf
CH2502.flt.vcf
CH2522.flt.vcf
F1659.flt.vcf
ESP088.flt.vcf
MHH15083.flt.vcf
dict.txt
Pseudomonas_aeruginosa_PA14_annotation_with_ncRNAs_07_2011_12genes.tab
seq2geno_temp/CH2502/rna_sorted.rmdup.sin
seq2geno_temp/MHH15083/rna_sorted.rmdup.sin
seq2geno_temp/CH2500/rna_sorted.rmdup.sin
seq2geno_temp/CH2522/rna_sorted.rmdup.sin
seq2geno_temp/F1659/rna_sorted.rmdup.sin
seq2geno_temp/ESP088/rna_sorted.rmdup.sin
seq2geno_temp/CH2522/spades/scaffolds.fasta
seq2geno_temp/CH2500/spades/scaffolds.fasta
seq2geno_temp/ESP088/spades/scaffolds.fasta
seq2geno_temp/F1659/spades/scaffolds.fasta
seq2geno_temp/MHH15083/spades/scaffolds.fasta
seq2geno_temp/CH2502/spades/scaffolds.fasta
seq2geno_temp/extracted_proteins_nt/__snakemake_dynamic__.aln
seq2geno_temp/reference.target_regions.fa
seq2geno_temp/CH2522/bwa/vcf.gz
seq2geno_temp/CH2522/bwa/vcf.gz.tbi
seq2geno_temp/reference.target_regions.fa
seq2geno_temp/F1659/bwa/vcf.gz
seq2geno_temp/F1659/bwa/vcf.gz.tbi
seq2geno_temp/reference.target_regions.fa
seq2geno_temp/CH2502/bwa/vcf.gz
seq2geno_temp/CH2502/bwa/vcf.gz.tbi
seq2geno_temp/reference.target_regions.fa
seq2geno_temp/MHH15083/bwa/vcf.gz
seq2geno_temp/MHH15083/bwa/vcf.gz.tbi
seq2geno_temp/reference.target_regions.fa
seq2geno_temp/CH2500/bwa/vcf.gz
seq2geno_temp/CH2500/bwa/vcf.gz.tbi
seq2geno_temp/reference.target_regions.fa
seq2geno_temp/ESP088/bwa/vcf.gz
seq2geno_temp/ESP088/bwa/vcf.gz.tbi
seq2geno_temp/CH2522/bwa/st_variant.fltcnt
seq2geno_temp/CH2522/bwa/st_variant.snp-vcf
seq2geno_temp/CH2522/bwa/st_paired.sam
seq2geno_temp/F1659/bwa/st_variant.fltcnt
seq2geno_temp/F1659/bwa/st_variant.snp-vcf
seq2geno_temp/CH2502/bwa/st_paired.sam
seq2geno_temp/ESP088/bwa/st_variant.fltcnt
seq2geno_temp/ESP088/bwa/st_variant.snp-vcf
seq2geno_temp/CH2502/bwa/st_variant.fltcnt
seq2geno_temp/CH2502/bwa/st_variant.snp-vcf
seq2geno_temp/ESP088/bwa/st_paired.sam
CH2500.flt.vcf
CH2502.flt.vcf
CH2522.flt.vcf
F1659.flt.vcf
ESP088.flt.vcf
MHH15083.flt.vcf
CH2500.flatcount
CH2502.flatcount
CH2522.flatcount
F1659.flatcount
ESP088.flatcount
MHH15083.flatcount
seq2geno_temp/F1659/bwa/st_paired.sam
seq2geno_temp/CH2500/bwa/st_paired.sam
seq2geno_temp/CH2500/bwa/st_variant.fltcnt
seq2geno_temp/CH2500/bwa/st_variant.snp-vcf
/net/metagenomics/data/from_moni/old.tzuhao/seq2geno/dev_versions/v5/data/reference/RefCln_UCBPP-PA14.fa
/net/metagenomics/data/from_moni/old.tzuhao/seq2geno/dev_versions/v5/data/reference/RefCln_UCBPP-PA14.fa.fai
seq2geno_temp/MHH15083/bwa/st_sorted.bam
seq2geno_temp/MHH15083/bwa/st_sorted.bam.bai
seq2geno_temp/MHH15083/bwa/st_paired.sam
/net/metagenomics/data/from_moni/old.tzuhao/seq2geno/dev_versions/v5/data/reference/RefCln_UCBPP-PA14.fa
/net/metagenomics/data/from_moni/old.tzuhao/seq2geno/dev_versions/v5/data/reference/RefCln_UCBPP-PA14.fa.fai
seq2geno_temp/ESP088/bwa/st_sorted.bam
seq2geno_temp/ESP088/bwa/st_sorted.bam.bai
seq2geno_temp/MHH15083/bwa/st_variant.fltcnt
seq2geno_temp/MHH15083/bwa/st_variant.snp-vcf
/net/metagenomics/data/from_moni/old.tzuhao/seq2geno/dev_versions/v5/data/reference/RefCln_UCBPP-PA14.fa
/net/metagenomics/data/from_moni/old.tzuhao/seq2geno/dev_versions/v5/data/reference/RefCln_UCBPP-PA14.fa.fai
seq2geno_temp/CH2522/bwa/st_sorted.bam
seq2geno_temp/CH2522/bwa/st_sorted.bam.bai
/net/metagenomics/data/from_moni/old.tzuhao/seq2geno/dev_versions/v5/data/reference/RefCln_UCBPP-PA14.fa
/net/metagenomics/data/from_moni/old.tzuhao/seq2geno/dev_versions/v5/data/reference/RefCln_UCBPP-PA14.fa.fai
seq2geno_temp/CH2502/bwa/st_sorted.bam
seq2geno_temp/CH2502/bwa/st_sorted.bam.bai
/net/metagenomics/data/from_moni/old.tzuhao/seq2geno/dev_versions/v5/data/reference/RefCln_UCBPP-PA14.fa
/net/metagenomics/data/from_moni/old.tzuhao/seq2geno/dev_versions/v5/data/reference/RefCln_UCBPP-PA14.fa.fai
seq2geno_temp/CH2500/bwa/st_sorted.bam
seq2geno_temp/CH2500/bwa/st_sorted.bam.bai
/net/metagenomics/data/from_moni/old.tzuhao/seq2geno/dev_versions/v5/data/reference/RefCln_UCBPP-PA14.fa
/net/metagenomics/data/from_moni/old.tzuhao/seq2geno/dev_versions/v5/data/reference/RefCln_UCBPP-PA14.fa.fai
seq2geno_temp/F1659/bwa/st_sorted.bam
seq2geno_temp/F1659/bwa/st_sorted.bam.bai
seq2geno_temp/CH2502/rna_sorted.rmdup.sam
seq2geno_temp/MHH15083/rna_sorted.rmdup.sam
seq2geno_temp/CH2500/rna_sorted.rmdup.sam
seq2geno_temp/CH2522/rna_sorted.rmdup.sam
seq2geno_temp/F1659/rna_sorted.rmdup.sam
seq2geno_temp/ESP088/rna_sorted.rmdup.sam
data/strains/dna/CH2522_1.fq.gz
data/strains/dna/CH2522_2.fq.gz
data/strains/dna/CH2500_1.fq.gz
data/strains/dna/CH2500_2.fq.gz
data/strains/dna/ESP088_1.fq.gz
data/strains/dna/ESP088_2.fq.gz
data/strains/dna/F1659_1.fq.gz
data/strains/dna/F1659_2.fq.gz
data/strains/dna/MHH15083_1.fq.gz
data/strains/dna/MHH15083_2.fq.gz
data/strains/dna/CH2502_1.fq.gz
data/strains/dna/CH2502_2.fq.gz
seq2geno_temp/roary/gene_presence_absence.csv
seq2geno_temp/CH2500/spades/prokka/de_novo.ffn
seq2geno_temp/CH2502/spades/prokka/de_novo.ffn
seq2geno_temp/CH2522/spades/prokka/de_novo.ffn
seq2geno_temp/F1659/spades/prokka/de_novo.ffn
seq2geno_temp/ESP088/spades/prokka/de_novo.ffn
seq2geno_temp/MHH15083/spades/prokka/de_novo.ffn
/net/metagenomics/data/from_moni/old.tzuhao/seq2geno/dev_versions/v5/data/reference/RefCln_UCBPP-PA14.gbk
/net/metagenomics/data/from_moni/old.tzuhao/seq2geno/dev_versions/v5/data/reference/RefCln_UCBPP-PA14.fa
/net/metagenomics/data/from_moni/old.tzuhao/seq2geno/dev_versions/v5/data/reference/RefCln_UCBPP-PA14.fa.fai
seq2geno_temp/CH2522/bwa/sorted.bam
seq2geno_temp/CH2522/bwa/sorted.bam.bai
seq2geno_temp/CH2522/bwa/vcf.gz
/net/metagenomics/data/from_moni/old.tzuhao/seq2geno/dev_versions/v5/data/reference/RefCln_UCBPP-PA14.fa
/net/metagenomics/data/from_moni/old.tzuhao/seq2geno/dev_versions/v5/data/reference/RefCln_UCBPP-PA14.fa.fai
seq2geno_temp/F1659/bwa/sorted.bam
seq2geno_temp/F1659/bwa/sorted.bam.bai
seq2geno_temp/F1659/bwa/vcf.gz
/net/metagenomics/data/from_moni/old.tzuhao/seq2geno/dev_versions/v5/data/reference/RefCln_UCBPP-PA14.fa
/net/metagenomics/data/from_moni/old.tzuhao/seq2geno/dev_versions/v5/data/reference/RefCln_UCBPP-PA14.fa.fai
seq2geno_temp/CH2502/bwa/sorted.bam
seq2geno_temp/CH2502/bwa/sorted.bam.bai
seq2geno_temp/CH2502/bwa/vcf.gz
/net/metagenomics/data/from_moni/old.tzuhao/seq2geno/dev_versions/v5/data/reference/RefCln_UCBPP-PA14.fa
/net/metagenomics/data/from_moni/old.tzuhao/seq2geno/dev_versions/v5/data/reference/RefCln_UCBPP-PA14.fa.fai
seq2geno_temp/MHH15083/bwa/sorted.bam
seq2geno_temp/MHH15083/bwa/sorted.bam.bai
seq2geno_temp/MHH15083/bwa/vcf.gz
/net/metagenomics/data/from_moni/old.tzuhao/seq2geno/dev_versions/v5/data/reference/RefCln_UCBPP-PA14.fa
/net/metagenomics/data/from_moni/old.tzuhao/seq2geno/dev_versions/v5/data/reference/RefCln_UCBPP-PA14.fa.fai
seq2geno_temp/CH2500/bwa/sorted.bam
seq2geno_temp/CH2500/bwa/sorted.bam.bai
seq2geno_temp/CH2500/bwa/vcf.gz
/net/metagenomics/data/from_moni/old.tzuhao/seq2geno/dev_versions/v5/data/reference/RefCln_UCBPP-PA14.fa
/net/metagenomics/data/from_moni/old.tzuhao/seq2geno/dev_versions/v5/data/reference/RefCln_UCBPP-PA14.fa.fai
seq2geno_temp/ESP088/bwa/sorted.bam
seq2geno_temp/ESP088/bwa/sorted.bam.bai
seq2geno_temp/ESP088/bwa/vcf.gz
/net/metagenomics/data/from_moni/old.tzuhao/seq2geno/dev_versions/v5/data/reference/RefCln_UCBPP-PA14.fa.stidx
/net/metagenomics/data/from_moni/old.tzuhao/seq2geno/dev_versions/v5/data/reference/RefCln_UCBPP-PA14.fa.sthash
seq2geno_temp/CH2522/bwa/dna.bwa.bam
/net/metagenomics/data/from_moni/old.tzuhao/seq2geno/dev_versions/v5/data/reference/RefCln_UCBPP-PA14.fa.stidx
/net/metagenomics/data/from_moni/old.tzuhao/seq2geno/dev_versions/v5/data/reference/RefCln_UCBPP-PA14.fa.sthash
seq2geno_temp/CH2502/bwa/dna.bwa.bam
/net/metagenomics/data/from_moni/old.tzuhao/seq2geno/dev_versions/v5/data/reference/RefCln_UCBPP-PA14.fa.stidx
/net/metagenomics/data/from_moni/old.tzuhao/seq2geno/dev_versions/v5/data/reference/RefCln_UCBPP-PA14.fa.sthash
seq2geno_temp/ESP088/bwa/dna.bwa.bam
/net/metagenomics/data/from_moni/old.tzuhao/seq2geno/dev_versions/v5/data/reference/RefCln_UCBPP-PA14.fa.stidx
/net/metagenomics/data/from_moni/old.tzuhao/seq2geno/dev_versions/v5/data/reference/RefCln_UCBPP-PA14.fa.sthash
seq2geno_temp/F1659/bwa/dna.bwa.bam
/net/metagenomics/data/from_moni/old.tzuhao/seq2geno/dev_versions/v5/data/reference/RefCln_UCBPP-PA14.fa.stidx
/net/metagenomics/data/from_moni/old.tzuhao/seq2geno/dev_versions/v5/data/reference/RefCln_UCBPP-PA14.fa.sthash
seq2geno_temp/CH2500/bwa/dna.bwa.bam
seq2geno_temp/MHH15083/bwa/st_paired.bam
/net/metagenomics/data/from_moni/old.tzuhao/seq2geno/dev_versions/v5/data/reference/RefCln_UCBPP-PA14.fa
/net/metagenomics/data/from_moni/old.tzuhao/seq2geno/dev_versions/v5/data/reference/RefCln_UCBPP-PA14.fa.stidx
/net/metagenomics/data/from_moni/old.tzuhao/seq2geno/dev_versions/v5/data/reference/RefCln_UCBPP-PA14.fa.sthash
seq2geno_temp/MHH15083/bwa/dna.bwa.bam
seq2geno_temp/ESP088/bwa/st_paired.bam
seq2geno_temp/CH2522/bwa/st_paired.bam
seq2geno_temp/CH2502/bwa/st_paired.bam
seq2geno_temp/CH2500/bwa/st_paired.bam
seq2geno_temp/F1659/bwa/st_paired.bam
seq2geno_temp/CH2502/stampy/rna.sam
seq2geno_temp/MHH15083/stampy/rna.sam
seq2geno_temp/CH2500/stampy/rna.sam
seq2geno_temp/CH2522/stampy/rna.sam
seq2geno_temp/F1659/stampy/rna.sam
seq2geno_temp/ESP088/stampy/rna.sam
seq2geno_temp/CH2522/bwa/paired.bam
seq2geno_temp/F1659/bwa/paired.bam
seq2geno_temp/CH2502/bwa/paired.bam
seq2geno_temp/MHH15083/bwa/paired.bam
seq2geno_temp/CH2500/bwa/paired.bam
seq2geno_temp/ESP088/bwa/paired.bam
data/strains/dna/CH2522_1.fq.gz
data/strains/dna/CH2522_2.fq.gz
/net/metagenomics/data/from_moni/old.tzuhao/seq2geno/dev_versions/v5/data/reference/RefCln_UCBPP-PA14.fa
/net/metagenomics/data/from_moni/old.tzuhao/seq2geno/dev_versions/v5/data/reference/RefCln_UCBPP-PA14.fa.fai
/net/metagenomics/data/from_moni/old.tzuhao/seq2geno/dev_versions/v5/data/reference/RefCln_UCBPP-PA14.fa.bwt
data/strains/dna/CH2502_1.fq.gz
data/strains/dna/CH2502_2.fq.gz
/net/metagenomics/data/from_moni/old.tzuhao/seq2geno/dev_versions/v5/data/reference/RefCln_UCBPP-PA14.fa
/net/metagenomics/data/from_moni/old.tzuhao/seq2geno/dev_versions/v5/data/reference/RefCln_UCBPP-PA14.fa.fai
/net/metagenomics/data/from_moni/old.tzuhao/seq2geno/dev_versions/v5/data/reference/RefCln_UCBPP-PA14.fa.bwt
data/strains/dna/ESP088_1.fq.gz
data/strains/dna/ESP088_2.fq.gz
/net/metagenomics/data/from_moni/old.tzuhao/seq2geno/dev_versions/v5/data/reference/RefCln_UCBPP-PA14.fa
/net/metagenomics/data/from_moni/old.tzuhao/seq2geno/dev_versions/v5/data/reference/RefCln_UCBPP-PA14.fa.fai
/net/metagenomics/data/from_moni/old.tzuhao/seq2geno/dev_versions/v5/data/reference/RefCln_UCBPP-PA14.fa.bwt
data/strains/dna/F1659_1.fq.gz
data/strains/dna/F1659_2.fq.gz
/net/metagenomics/data/from_moni/old.tzuhao/seq2geno/dev_versions/v5/data/reference/RefCln_UCBPP-PA14.fa
/net/metagenomics/data/from_moni/old.tzuhao/seq2geno/dev_versions/v5/data/reference/RefCln_UCBPP-PA14.fa.fai
/net/metagenomics/data/from_moni/old.tzuhao/seq2geno/dev_versions/v5/data/reference/RefCln_UCBPP-PA14.fa.bwt
data/strains/dna/CH2500_1.fq.gz
data/strains/dna/CH2500_2.fq.gz
/net/metagenomics/data/from_moni/old.tzuhao/seq2geno/dev_versions/v5/data/reference/RefCln_UCBPP-PA14.fa
/net/metagenomics/data/from_moni/old.tzuhao/seq2geno/dev_versions/v5/data/reference/RefCln_UCBPP-PA14.fa.fai
/net/metagenomics/data/from_moni/old.tzuhao/seq2geno/dev_versions/v5/data/reference/RefCln_UCBPP-PA14.fa.bwt
seq2geno_temp/MHH15083/bwa/st_paired.sam
data/strains/dna/MHH15083_1.fq.gz
data/strains/dna/MHH15083_2.fq.gz
/net/metagenomics/data/from_moni/old.tzuhao/seq2geno/dev_versions/v5/data/reference/RefCln_UCBPP-PA14.fa
/net/metagenomics/data/from_moni/old.tzuhao/seq2geno/dev_versions/v5/data/reference/RefCln_UCBPP-PA14.fa.fai
/net/metagenomics/data/from_moni/old.tzuhao/seq2geno/dev_versions/v5/data/reference/RefCln_UCBPP-PA14.fa.bwt
seq2geno_temp/ESP088/bwa/st_paired.sam
seq2geno_temp/CH2522/bwa/st_paired.sam
seq2geno_temp/CH2502/bwa/st_paired.sam
seq2geno_temp/CH2500/bwa/st_paired.sam
seq2geno_temp/F1659/bwa/st_paired.sam
/net/metagenomics/data/from_moni/old.tzuhao/seq2geno/dev_versions/v5/data/reference/RefCln_UCBPP-PA14.fa.stidx
/net/metagenomics/data/from_moni/old.tzuhao/seq2geno/dev_versions/v5/data/reference/RefCln_UCBPP-PA14.fa.sthash
seq2geno_temp/CH2502/bwa/rna.bam
/net/metagenomics/data/from_moni/old.tzuhao/seq2geno/dev_versions/v5/data/reference/RefCln_UCBPP-PA14.fa.stidx
/net/metagenomics/data/from_moni/old.tzuhao/seq2geno/dev_versions/v5/data/reference/RefCln_UCBPP-PA14.fa.sthash
seq2geno_temp/MHH15083/bwa/rna.bam
/net/metagenomics/data/from_moni/old.tzuhao/seq2geno/dev_versions/v5/data/reference/RefCln_UCBPP-PA14.fa.stidx
/net/metagenomics/data/from_moni/old.tzuhao/seq2geno/dev_versions/v5/data/reference/RefCln_UCBPP-PA14.fa.sthash
seq2geno_temp/CH2500/bwa/rna.bam
/net/metagenomics/data/from_moni/old.tzuhao/seq2geno/dev_versions/v5/data/reference/RefCln_UCBPP-PA14.fa.stidx
/net/metagenomics/data/from_moni/old.tzuhao/seq2geno/dev_versions/v5/data/reference/RefCln_UCBPP-PA14.fa.sthash
seq2geno_temp/CH2522/bwa/rna.bam
/net/metagenomics/data/from_moni/old.tzuhao/seq2geno/dev_versions/v5/data/reference/RefCln_UCBPP-PA14.fa.stidx
/net/metagenomics/data/from_moni/old.tzuhao/seq2geno/dev_versions/v5/data/reference/RefCln_UCBPP-PA14.fa.sthash
seq2geno_temp/F1659/bwa/rna.bam
/net/metagenomics/data/from_moni/old.tzuhao/seq2geno/dev_versions/v5/data/reference/RefCln_UCBPP-PA14.fa.stidx
/net/metagenomics/data/from_moni/old.tzuhao/seq2geno/dev_versions/v5/data/reference/RefCln_UCBPP-PA14.fa.sthash
seq2geno_temp/ESP088/bwa/rna.bam
/net/metagenomics/data/from_moni/old.tzuhao/seq2geno/dev_versions/v5/data/reference/RefCln_UCBPP-PA14.fa
data/strains/dna/CH2522_1.fq.gz
data/strains/dna/CH2522_2.fq.gz
/net/metagenomics/data/from_moni/old.tzuhao/seq2geno/dev_versions/v5/data/reference/RefCln_UCBPP-PA14.fa.bwt
/net/metagenomics/data/from_moni/old.tzuhao/seq2geno/dev_versions/v5/data/reference/RefCln_UCBPP-PA14.fa
data/strains/dna/F1659_1.fq.gz
data/strains/dna/F1659_2.fq.gz
/net/metagenomics/data/from_moni/old.tzuhao/seq2geno/dev_versions/v5/data/reference/RefCln_UCBPP-PA14.fa.bwt
/net/metagenomics/data/from_moni/old.tzuhao/seq2geno/dev_versions/v5/data/reference/RefCln_UCBPP-PA14.fa
data/strains/dna/CH2502_1.fq.gz
data/strains/dna/CH2502_2.fq.gz
/net/metagenomics/data/from_moni/old.tzuhao/seq2geno/dev_versions/v5/data/reference/RefCln_UCBPP-PA14.fa.bwt
/net/metagenomics/data/from_moni/old.tzuhao/seq2geno/dev_versions/v5/data/reference/RefCln_UCBPP-PA14.fa
data/strains/dna/MHH15083_1.fq.gz
data/strains/dna/MHH15083_2.fq.gz
/net/metagenomics/data/from_moni/old.tzuhao/seq2geno/dev_versions/v5/data/reference/RefCln_UCBPP-PA14.fa.bwt
/net/metagenomics/data/from_moni/old.tzuhao/seq2geno/dev_versions/v5/data/reference/RefCln_UCBPP-PA14.fa
data/strains/dna/CH2500_1.fq.gz
data/strains/dna/CH2500_2.fq.gz
/net/metagenomics/data/from_moni/old.tzuhao/seq2geno/dev_versions/v5/data/reference/RefCln_UCBPP-PA14.fa.bwt
/net/metagenomics/data/from_moni/old.tzuhao/seq2geno/dev_versions/v5/data/reference/RefCln_UCBPP-PA14.fa
data/strains/dna/ESP088_1.fq.gz
data/strains/dna/ESP088_2.fq.gz
/net/metagenomics/data/from_moni/old.tzuhao/seq2geno/dev_versions/v5/data/reference/RefCln_UCBPP-PA14.fa.bwt
data/strains/rna/CH2502.fastq.gz
/net/metagenomics/data/from_moni/old.tzuhao/seq2geno/dev_versions/v5/data/reference/RefCln_UCBPP-PA14.fa
/net/metagenomics/data/from_moni/old.tzuhao/seq2geno/dev_versions/v5/data/reference/RefCln_UCBPP-PA14.fa.stidx
/net/metagenomics/data/from_moni/old.tzuhao/seq2geno/dev_versions/v5/data/reference/RefCln_UCBPP-PA14.fa.sthash
/net/metagenomics/data/from_moni/old.tzuhao/seq2geno/dev_versions/v5/data/reference/RefCln_UCBPP-PA14.fa.bwt
/net/metagenomics/data/from_moni/old.tzuhao/seq2geno/dev_versions/v5/data/reference/RefCln_UCBPP-PA14.fa.fai
data/strains/rna/MHH15083.fastq.gz
/net/metagenomics/data/from_moni/old.tzuhao/seq2geno/dev_versions/v5/data/reference/RefCln_UCBPP-PA14.fa
/net/metagenomics/data/from_moni/old.tzuhao/seq2geno/dev_versions/v5/data/reference/RefCln_UCBPP-PA14.fa.stidx
/net/metagenomics/data/from_moni/old.tzuhao/seq2geno/dev_versions/v5/data/reference/RefCln_UCBPP-PA14.fa.sthash
/net/metagenomics/data/from_moni/old.tzuhao/seq2geno/dev_versions/v5/data/reference/RefCln_UCBPP-PA14.fa.bwt
/net/metagenomics/data/from_moni/old.tzuhao/seq2geno/dev_versions/v5/data/reference/RefCln_UCBPP-PA14.fa.fai
data/strains/rna/CH2500.fastq.gz
/net/metagenomics/data/from_moni/old.tzuhao/seq2geno/dev_versions/v5/data/reference/RefCln_UCBPP-PA14.fa
/net/metagenomics/data/from_moni/old.tzuhao/seq2geno/dev_versions/v5/data/reference/RefCln_UCBPP-PA14.fa.stidx
/net/metagenomics/data/from_moni/old.tzuhao/seq2geno/dev_versions/v5/data/reference/RefCln_UCBPP-PA14.fa.sthash
/net/metagenomics/data/from_moni/old.tzuhao/seq2geno/dev_versions/v5/data/reference/RefCln_UCBPP-PA14.fa.bwt
/net/metagenomics/data/from_moni/old.tzuhao/seq2geno/dev_versions/v5/data/reference/RefCln_UCBPP-PA14.fa.fai
data/strains/rna/CH2522.fastq.gz
/net/metagenomics/data/from_moni/old.tzuhao/seq2geno/dev_versions/v5/data/reference/RefCln_UCBPP-PA14.fa
/net/metagenomics/data/from_moni/old.tzuhao/seq2geno/dev_versions/v5/data/reference/RefCln_UCBPP-PA14.fa.stidx
/net/metagenomics/data/from_moni/old.tzuhao/seq2geno/dev_versions/v5/data/reference/RefCln_UCBPP-PA14.fa.sthash
/net/metagenomics/data/from_moni/old.tzuhao/seq2geno/dev_versions/v5/data/reference/RefCln_UCBPP-PA14.fa.bwt
/net/metagenomics/data/from_moni/old.tzuhao/seq2geno/dev_versions/v5/data/reference/RefCln_UCBPP-PA14.fa.fai
data/strains/rna/F1659.fastq.gz
/net/metagenomics/data/from_moni/old.tzuhao/seq2geno/dev_versions/v5/data/reference/RefCln_UCBPP-PA14.fa
/net/metagenomics/data/from_moni/old.tzuhao/seq2geno/dev_versions/v5/data/reference/RefCln_UCBPP-PA14.fa.stidx
/net/metagenomics/data/from_moni/old.tzuhao/seq2geno/dev_versions/v5/data/reference/RefCln_UCBPP-PA14.fa.sthash
/net/metagenomics/data/from_moni/old.tzuhao/seq2geno/dev_versions/v5/data/reference/RefCln_UCBPP-PA14.fa.bwt
/net/metagenomics/data/from_moni/old.tzuhao/seq2geno/dev_versions/v5/data/reference/RefCln_UCBPP-PA14.fa.fai
data/strains/rna/ESP088.fastq.gz
/net/metagenomics/data/from_moni/old.tzuhao/seq2geno/dev_versions/v5/data/reference/RefCln_UCBPP-PA14.fa
/net/metagenomics/data/from_moni/old.tzuhao/seq2geno/dev_versions/v5/data/reference/RefCln_UCBPP-PA14.fa.stidx
/net/metagenomics/data/from_moni/old.tzuhao/seq2geno/dev_versions/v5/data/reference/RefCln_UCBPP-PA14.fa.sthash
/net/metagenomics/data/from_moni/old.tzuhao/seq2geno/dev_versions/v5/data/reference/RefCln_UCBPP-PA14.fa.bwt
/net/metagenomics/data/from_moni/old.tzuhao/seq2geno/dev_versions/v5/data/reference/RefCln_UCBPP-PA14.fa.fai
