seq2geno_temp/stampy/multisample_vcf.gz
/net/metagenomics/data/from_moni/old.tzuhao/seq2geno/dev_versions/v7/data/reference/RefCln_UCBPP-PA14.fa
/net/metagenomics/data/from_moni/old.tzuhao/seq2geno/dev_versions/v7/data/reference/RefCln_UCBPP-PA14.fa.fai
seq2geno_temp/CH2500/stampy/remap_sorted.bam
seq2geno_temp/CH2502/stampy/remap_sorted.bam
seq2geno_temp/CH2522/stampy/remap_sorted.bam
seq2geno_temp/F1659/stampy/remap_sorted.bam
seq2geno_temp/ESP088/stampy/remap_sorted.bam
seq2geno_temp/MHH15083/stampy/remap_sorted.bam
seq2geno_temp/F2167/stampy/remap_sorted.bam
seq2geno_temp/F2097/stampy/remap_sorted.bam
seq2geno_temp/MHH14911/stampy/remap_sorted.bam
seq2geno_temp/MHH15103/stampy/remap_sorted.bam
seq2geno_temp/CH2500/stampy/remap_sorted.bam.bai
seq2geno_temp/CH2502/stampy/remap_sorted.bam.bai
seq2geno_temp/CH2522/stampy/remap_sorted.bam.bai
seq2geno_temp/F1659/stampy/remap_sorted.bam.bai
seq2geno_temp/ESP088/stampy/remap_sorted.bam.bai
seq2geno_temp/MHH15083/stampy/remap_sorted.bam.bai
seq2geno_temp/F2167/stampy/remap_sorted.bam.bai
seq2geno_temp/F2097/stampy/remap_sorted.bam.bai
seq2geno_temp/MHH14911/stampy/remap_sorted.bam.bai
seq2geno_temp/MHH15103/stampy/remap_sorted.bam.bai
seq2geno_temp/MHH15083/stampy/remap.bam
seq2geno_temp/F1659/stampy/remap.bam
seq2geno_temp/CH2522/stampy/remap.bam
seq2geno_temp/MHH14911/stampy/remap.bam
seq2geno_temp/MHH15103/stampy/remap.bam
seq2geno_temp/CH2500/stampy/remap.bam
seq2geno_temp/F2167/stampy/remap.bam
seq2geno_temp/CH2502/stampy/remap.bam
seq2geno_temp/ESP088/stampy/remap.bam
seq2geno_temp/F2097/stampy/remap.bam
seq2geno_temp/MHH15083/stampy/remap.sam
seq2geno_temp/F1659/stampy/remap.sam
seq2geno_temp/CH2522/stampy/remap.sam
seq2geno_temp/MHH14911/stampy/remap.sam
seq2geno_temp/MHH15103/stampy/remap.sam
seq2geno_temp/CH2500/stampy/remap.sam
seq2geno_temp/F2167/stampy/remap.sam
seq2geno_temp/CH2502/stampy/remap.sam
seq2geno_temp/ESP088/stampy/remap.sam
seq2geno_temp/F2097/stampy/remap.sam
/net/metagenomics/data/from_moni/old.tzuhao/seq2geno/dev_versions/v7/data/reference/RefCln_UCBPP-PA14.fa.stidx
/net/metagenomics/data/from_moni/old.tzuhao/seq2geno/dev_versions/v7/data/reference/RefCln_UCBPP-PA14.fa.sthash
seq2geno_temp/MHH15083/stampy/pre_bwa.bam
/net/metagenomics/data/from_moni/old.tzuhao/seq2geno/dev_versions/v7/data/reference/RefCln_UCBPP-PA14.fa.stidx
/net/metagenomics/data/from_moni/old.tzuhao/seq2geno/dev_versions/v7/data/reference/RefCln_UCBPP-PA14.fa.sthash
seq2geno_temp/F1659/stampy/pre_bwa.bam
/net/metagenomics/data/from_moni/old.tzuhao/seq2geno/dev_versions/v7/data/reference/RefCln_UCBPP-PA14.fa.stidx
/net/metagenomics/data/from_moni/old.tzuhao/seq2geno/dev_versions/v7/data/reference/RefCln_UCBPP-PA14.fa.sthash
seq2geno_temp/CH2522/stampy/pre_bwa.bam
/net/metagenomics/data/from_moni/old.tzuhao/seq2geno/dev_versions/v7/data/reference/RefCln_UCBPP-PA14.fa.stidx
/net/metagenomics/data/from_moni/old.tzuhao/seq2geno/dev_versions/v7/data/reference/RefCln_UCBPP-PA14.fa.sthash
seq2geno_temp/MHH14911/stampy/pre_bwa.bam
/net/metagenomics/data/from_moni/old.tzuhao/seq2geno/dev_versions/v7/data/reference/RefCln_UCBPP-PA14.fa.stidx
/net/metagenomics/data/from_moni/old.tzuhao/seq2geno/dev_versions/v7/data/reference/RefCln_UCBPP-PA14.fa.sthash
seq2geno_temp/MHH15103/stampy/pre_bwa.bam
/net/metagenomics/data/from_moni/old.tzuhao/seq2geno/dev_versions/v7/data/reference/RefCln_UCBPP-PA14.fa.stidx
/net/metagenomics/data/from_moni/old.tzuhao/seq2geno/dev_versions/v7/data/reference/RefCln_UCBPP-PA14.fa.sthash
seq2geno_temp/CH2500/stampy/pre_bwa.bam
/net/metagenomics/data/from_moni/old.tzuhao/seq2geno/dev_versions/v7/data/reference/RefCln_UCBPP-PA14.fa.stidx
/net/metagenomics/data/from_moni/old.tzuhao/seq2geno/dev_versions/v7/data/reference/RefCln_UCBPP-PA14.fa.sthash
seq2geno_temp/F2167/stampy/pre_bwa.bam
/net/metagenomics/data/from_moni/old.tzuhao/seq2geno/dev_versions/v7/data/reference/RefCln_UCBPP-PA14.fa.stidx
/net/metagenomics/data/from_moni/old.tzuhao/seq2geno/dev_versions/v7/data/reference/RefCln_UCBPP-PA14.fa.sthash
seq2geno_temp/CH2502/stampy/pre_bwa.bam
/net/metagenomics/data/from_moni/old.tzuhao/seq2geno/dev_versions/v7/data/reference/RefCln_UCBPP-PA14.fa.stidx
/net/metagenomics/data/from_moni/old.tzuhao/seq2geno/dev_versions/v7/data/reference/RefCln_UCBPP-PA14.fa.sthash
seq2geno_temp/ESP088/stampy/pre_bwa.bam
/net/metagenomics/data/from_moni/old.tzuhao/seq2geno/dev_versions/v7/data/reference/RefCln_UCBPP-PA14.fa.stidx
/net/metagenomics/data/from_moni/old.tzuhao/seq2geno/dev_versions/v7/data/reference/RefCln_UCBPP-PA14.fa.sthash
seq2geno_temp/F2097/stampy/pre_bwa.bam
data/strains/dna/MHH15083_1.fq.gz
data/strains/dna/MHH15083_2.fq.gz
/net/metagenomics/data/from_moni/old.tzuhao/seq2geno/dev_versions/v7/data/reference/RefCln_UCBPP-PA14.fa
/net/metagenomics/data/from_moni/old.tzuhao/seq2geno/dev_versions/v7/data/reference/RefCln_UCBPP-PA14.fa.fai
/net/metagenomics/data/from_moni/old.tzuhao/seq2geno/dev_versions/v7/data/reference/RefCln_UCBPP-PA14.fa.bwt
data/strains/dna/F1659_1.fq.gz
data/strains/dna/F1659_2.fq.gz
/net/metagenomics/data/from_moni/old.tzuhao/seq2geno/dev_versions/v7/data/reference/RefCln_UCBPP-PA14.fa
/net/metagenomics/data/from_moni/old.tzuhao/seq2geno/dev_versions/v7/data/reference/RefCln_UCBPP-PA14.fa.fai
/net/metagenomics/data/from_moni/old.tzuhao/seq2geno/dev_versions/v7/data/reference/RefCln_UCBPP-PA14.fa.bwt
data/strains/dna/CH2522_1.fq.gz
data/strains/dna/CH2522_2.fq.gz
/net/metagenomics/data/from_moni/old.tzuhao/seq2geno/dev_versions/v7/data/reference/RefCln_UCBPP-PA14.fa
/net/metagenomics/data/from_moni/old.tzuhao/seq2geno/dev_versions/v7/data/reference/RefCln_UCBPP-PA14.fa.fai
/net/metagenomics/data/from_moni/old.tzuhao/seq2geno/dev_versions/v7/data/reference/RefCln_UCBPP-PA14.fa.bwt
data/strains/dna/MHH14911_1.fq.gz
data/strains/dna/MHH14911_2.fq.gz
/net/metagenomics/data/from_moni/old.tzuhao/seq2geno/dev_versions/v7/data/reference/RefCln_UCBPP-PA14.fa
/net/metagenomics/data/from_moni/old.tzuhao/seq2geno/dev_versions/v7/data/reference/RefCln_UCBPP-PA14.fa.fai
/net/metagenomics/data/from_moni/old.tzuhao/seq2geno/dev_versions/v7/data/reference/RefCln_UCBPP-PA14.fa.bwt
data/strains/dna/MHH15103_1.fq.gz
data/strains/dna/MHH15103_2.fq.gz
/net/metagenomics/data/from_moni/old.tzuhao/seq2geno/dev_versions/v7/data/reference/RefCln_UCBPP-PA14.fa
/net/metagenomics/data/from_moni/old.tzuhao/seq2geno/dev_versions/v7/data/reference/RefCln_UCBPP-PA14.fa.fai
/net/metagenomics/data/from_moni/old.tzuhao/seq2geno/dev_versions/v7/data/reference/RefCln_UCBPP-PA14.fa.bwt
data/strains/dna/CH2500_1.fq.gz
data/strains/dna/CH2500_2.fq.gz
/net/metagenomics/data/from_moni/old.tzuhao/seq2geno/dev_versions/v7/data/reference/RefCln_UCBPP-PA14.fa
/net/metagenomics/data/from_moni/old.tzuhao/seq2geno/dev_versions/v7/data/reference/RefCln_UCBPP-PA14.fa.fai
/net/metagenomics/data/from_moni/old.tzuhao/seq2geno/dev_versions/v7/data/reference/RefCln_UCBPP-PA14.fa.bwt
data/strains/dna/F2167_1.fq.gz
data/strains/dna/F2167_2.fq.gz
/net/metagenomics/data/from_moni/old.tzuhao/seq2geno/dev_versions/v7/data/reference/RefCln_UCBPP-PA14.fa
/net/metagenomics/data/from_moni/old.tzuhao/seq2geno/dev_versions/v7/data/reference/RefCln_UCBPP-PA14.fa.fai
/net/metagenomics/data/from_moni/old.tzuhao/seq2geno/dev_versions/v7/data/reference/RefCln_UCBPP-PA14.fa.bwt
data/strains/dna/CH2502_1.fq.gz
data/strains/dna/CH2502_2.fq.gz
/net/metagenomics/data/from_moni/old.tzuhao/seq2geno/dev_versions/v7/data/reference/RefCln_UCBPP-PA14.fa
/net/metagenomics/data/from_moni/old.tzuhao/seq2geno/dev_versions/v7/data/reference/RefCln_UCBPP-PA14.fa.fai
/net/metagenomics/data/from_moni/old.tzuhao/seq2geno/dev_versions/v7/data/reference/RefCln_UCBPP-PA14.fa.bwt
data/strains/dna/ESP088_1.fq.gz
data/strains/dna/ESP088_2.fq.gz
/net/metagenomics/data/from_moni/old.tzuhao/seq2geno/dev_versions/v7/data/reference/RefCln_UCBPP-PA14.fa
/net/metagenomics/data/from_moni/old.tzuhao/seq2geno/dev_versions/v7/data/reference/RefCln_UCBPP-PA14.fa.fai
/net/metagenomics/data/from_moni/old.tzuhao/seq2geno/dev_versions/v7/data/reference/RefCln_UCBPP-PA14.fa.bwt
data/strains/dna/F2097_1.fq.gz
data/strains/dna/F2097_2.fq.gz
/net/metagenomics/data/from_moni/old.tzuhao/seq2geno/dev_versions/v7/data/reference/RefCln_UCBPP-PA14.fa
/net/metagenomics/data/from_moni/old.tzuhao/seq2geno/dev_versions/v7/data/reference/RefCln_UCBPP-PA14.fa.fai
/net/metagenomics/data/from_moni/old.tzuhao/seq2geno/dev_versions/v7/data/reference/RefCln_UCBPP-PA14.fa.bwt
