/net/metagenomics/data/from_moni/old.tzuhao/seq2geno/dev_versions/v3/results/Paeru.nwk
/net/metagenomics/data/from_moni/old.tzuhao/seq2geno/dev_versions/v3/results/expr.tab
/net/metagenomics/data/from_moni/old.tzuhao/seq2geno/dev_versions/v3/results/gpa.tab
tmp/roary/gene_presence_absence.csv
tmp/rpg_dict
tmp/OneBig.var.aln
tmp/prokka/CH2500.spades.gff
tmp/prokka/CH2502.spades.gff
tmp/prokka/CH2522.spades.gff
tmp/prokka/F1659.spades.gff
tmp/CH2500/sorted.rmdup.rpg
tmp/CH2502/sorted.rmdup.rpg
tmp/CH2522/sorted.rmdup.rpg
tmp/F1659/sorted.rmdup.rpg
tmp/OneBig.aln
tmp/F1659/spades.assem.fa
tmp/CH2522/spades.assem.fa
tmp/CH2500/spades.assem.fa
tmp/CH2502/spades.assem.fa
tmp/CH2522/sorted.rmdup.sin
tmp/CH2500/sorted.rmdup.sin
tmp/F1659/sorted.rmdup.sin
tmp/CH2502/sorted.rmdup.sin
tmp/CH2500/bwa.cons.fa
tmp/CH2502/bwa.cons.fa
tmp/CH2522/bwa.cons.fa
tmp/F1659/bwa.cons.fa
data/strains/dna/F1659_1.fq.gz
data/strains/dna/F1659_2.fq.gz
data/strains/dna/CH2522_1.fq.gz
data/strains/dna/CH2522_2.fq.gz
data/strains/dna/CH2500_1.fq.gz
data/strains/dna/CH2500_2.fq.gz
data/strains/dna/CH2502_1.fq.gz
data/strains/dna/CH2502_2.fq.gz
tmp/CH2522/sorted.rmdup.sam
tmp/CH2500/sorted.rmdup.sam
tmp/F1659/sorted.rmdup.sam
tmp/CH2502/sorted.rmdup.sam
tmp/reference.target_regions.fa
tmp/CH2522/bwa.vcf.gz
tmp/reference.target_regions.fa
tmp/CH2502/bwa.vcf.gz
tmp/reference.target_regions.fa
tmp/F1659/bwa.vcf.gz
tmp/reference.target_regions.fa
tmp/CH2500/bwa.vcf.gz
data/strains/rna/CH2522.fastq.gz
/net/metagenomics/data/from_moni/old.tzuhao/seq2geno/dev_versions/v3/data/reference/RefCln_UCBPP-PA14.fa
/net/metagenomics/data/from_moni/old.tzuhao/seq2geno/dev_versions/v3/data/reference/RefCln_UCBPP-PA14.fa.stidx
/net/metagenomics/data/from_moni/old.tzuhao/seq2geno/dev_versions/v3/data/reference/RefCln_UCBPP-PA14.fa.sthash
/net/metagenomics/data/from_moni/old.tzuhao/seq2geno/dev_versions/v3/data/reference/RefCln_UCBPP-PA14.fa.bwt
/net/metagenomics/data/from_moni/old.tzuhao/seq2geno/dev_versions/v3/data/reference/RefCln_UCBPP-PA14.fa.fai
data/strains/rna/CH2500.fastq.gz
/net/metagenomics/data/from_moni/old.tzuhao/seq2geno/dev_versions/v3/data/reference/RefCln_UCBPP-PA14.fa
/net/metagenomics/data/from_moni/old.tzuhao/seq2geno/dev_versions/v3/data/reference/RefCln_UCBPP-PA14.fa.stidx
/net/metagenomics/data/from_moni/old.tzuhao/seq2geno/dev_versions/v3/data/reference/RefCln_UCBPP-PA14.fa.sthash
/net/metagenomics/data/from_moni/old.tzuhao/seq2geno/dev_versions/v3/data/reference/RefCln_UCBPP-PA14.fa.bwt
/net/metagenomics/data/from_moni/old.tzuhao/seq2geno/dev_versions/v3/data/reference/RefCln_UCBPP-PA14.fa.fai
data/strains/rna/F1659.fastq.gz
/net/metagenomics/data/from_moni/old.tzuhao/seq2geno/dev_versions/v3/data/reference/RefCln_UCBPP-PA14.fa
/net/metagenomics/data/from_moni/old.tzuhao/seq2geno/dev_versions/v3/data/reference/RefCln_UCBPP-PA14.fa.stidx
/net/metagenomics/data/from_moni/old.tzuhao/seq2geno/dev_versions/v3/data/reference/RefCln_UCBPP-PA14.fa.sthash
/net/metagenomics/data/from_moni/old.tzuhao/seq2geno/dev_versions/v3/data/reference/RefCln_UCBPP-PA14.fa.bwt
/net/metagenomics/data/from_moni/old.tzuhao/seq2geno/dev_versions/v3/data/reference/RefCln_UCBPP-PA14.fa.fai
data/strains/rna/CH2502.fastq.gz
/net/metagenomics/data/from_moni/old.tzuhao/seq2geno/dev_versions/v3/data/reference/RefCln_UCBPP-PA14.fa
/net/metagenomics/data/from_moni/old.tzuhao/seq2geno/dev_versions/v3/data/reference/RefCln_UCBPP-PA14.fa.stidx
/net/metagenomics/data/from_moni/old.tzuhao/seq2geno/dev_versions/v3/data/reference/RefCln_UCBPP-PA14.fa.sthash
/net/metagenomics/data/from_moni/old.tzuhao/seq2geno/dev_versions/v3/data/reference/RefCln_UCBPP-PA14.fa.bwt
/net/metagenomics/data/from_moni/old.tzuhao/seq2geno/dev_versions/v3/data/reference/RefCln_UCBPP-PA14.fa.fai
/net/metagenomics/data/from_moni/old.tzuhao/seq2geno/dev_versions/v3/data/reference/RefCln_UCBPP-PA14.gbk
tmp/CH2522/bwa.vcf
tmp/CH2502/bwa.vcf
tmp/F1659/bwa.vcf
tmp/CH2500/bwa.vcf
/net/metagenomics/data/from_moni/old.tzuhao/seq2geno/dev_versions/v3/data/reference/RefCln_UCBPP-PA14.fa
/net/metagenomics/data/from_moni/old.tzuhao/seq2geno/dev_versions/v3/data/reference/RefCln_UCBPP-PA14.fa
/net/metagenomics/data/from_moni/old.tzuhao/seq2geno/dev_versions/v3/data/reference/RefCln_UCBPP-PA14.fa.fai
tmp/CH2522/bwa.sorted.bam
tmp/CH2522/bwa.sorted.bam.bai
/net/metagenomics/data/from_moni/old.tzuhao/seq2geno/dev_versions/v3/data/reference/RefCln_UCBPP-PA14.fa
/net/metagenomics/data/from_moni/old.tzuhao/seq2geno/dev_versions/v3/data/reference/RefCln_UCBPP-PA14.fa.fai
tmp/CH2502/bwa.sorted.bam
tmp/CH2502/bwa.sorted.bam.bai
/net/metagenomics/data/from_moni/old.tzuhao/seq2geno/dev_versions/v3/data/reference/RefCln_UCBPP-PA14.fa
/net/metagenomics/data/from_moni/old.tzuhao/seq2geno/dev_versions/v3/data/reference/RefCln_UCBPP-PA14.fa.fai
tmp/F1659/bwa.sorted.bam
tmp/F1659/bwa.sorted.bam.bai
/net/metagenomics/data/from_moni/old.tzuhao/seq2geno/dev_versions/v3/data/reference/RefCln_UCBPP-PA14.fa
/net/metagenomics/data/from_moni/old.tzuhao/seq2geno/dev_versions/v3/data/reference/RefCln_UCBPP-PA14.fa.fai
tmp/CH2500/bwa.sorted.bam
tmp/CH2500/bwa.sorted.bam.bai
tmp/CH2522/bwa.raw.bam
tmp/CH2502/bwa.raw.bam
tmp/F1659/bwa.raw.bam
tmp/CH2500/bwa.raw.bam
/net/metagenomics/data/from_moni/old.tzuhao/seq2geno/dev_versions/v3/data/reference/RefCln_UCBPP-PA14.fa
data/strains/dna/CH2522_1.fq.gz
data/strains/dna/CH2522_2.fq.gz
/net/metagenomics/data/from_moni/old.tzuhao/seq2geno/dev_versions/v3/data/reference/RefCln_UCBPP-PA14.fa.bwt
/net/metagenomics/data/from_moni/old.tzuhao/seq2geno/dev_versions/v3/data/reference/RefCln_UCBPP-PA14.fa
data/strains/dna/CH2502_1.fq.gz
data/strains/dna/CH2502_2.fq.gz
/net/metagenomics/data/from_moni/old.tzuhao/seq2geno/dev_versions/v3/data/reference/RefCln_UCBPP-PA14.fa.bwt
/net/metagenomics/data/from_moni/old.tzuhao/seq2geno/dev_versions/v3/data/reference/RefCln_UCBPP-PA14.fa
data/strains/dna/F1659_1.fq.gz
data/strains/dna/F1659_2.fq.gz
/net/metagenomics/data/from_moni/old.tzuhao/seq2geno/dev_versions/v3/data/reference/RefCln_UCBPP-PA14.fa.bwt
/net/metagenomics/data/from_moni/old.tzuhao/seq2geno/dev_versions/v3/data/reference/RefCln_UCBPP-PA14.fa
data/strains/dna/CH2500_1.fq.gz
data/strains/dna/CH2500_2.fq.gz
/net/metagenomics/data/from_moni/old.tzuhao/seq2geno/dev_versions/v3/data/reference/RefCln_UCBPP-PA14.fa.bwt
