seq2geno_temp/stampy/multisample_vcf.gz
seq2geno_temp/stampy/multisample_vcf.gz.tbi
seq2geno_temp/MHH15083/stampy/remap_sorted.bam
seq2geno_temp/MHH15083/stampy/remap_sorted.bam.bai
seq2geno_temp/F1659/stampy/remap_sorted.bam
seq2geno_temp/F1659/stampy/remap_sorted.bam.bai
seq2geno_temp/CH2522/stampy/remap_sorted.bam
seq2geno_temp/CH2522/stampy/remap_sorted.bam.bai
seq2geno_temp/MHH14911/stampy/remap_sorted.bam
seq2geno_temp/MHH14911/stampy/remap_sorted.bam.bai
seq2geno_temp/MHH15103/stampy/remap_sorted.bam
seq2geno_temp/MHH15103/stampy/remap_sorted.bam.bai
seq2geno_temp/CH2500/stampy/remap_sorted.bam
seq2geno_temp/CH2500/stampy/remap_sorted.bam.bai
seq2geno_temp/F2167/stampy/remap_sorted.bam
seq2geno_temp/F2167/stampy/remap_sorted.bam.bai
seq2geno_temp/CH2502/stampy/remap_sorted.bam
seq2geno_temp/CH2502/stampy/remap_sorted.bam.bai
seq2geno_temp/ESP088/stampy/remap_sorted.bam
seq2geno_temp/ESP088/stampy/remap_sorted.bam.bai
seq2geno_temp/F2097/stampy/remap_sorted.bam
seq2geno_temp/F2097/stampy/remap_sorted.bam.bai
seq2geno_temp/MHH15083/stampy/remap.bam
seq2geno_temp/F1659/stampy/remap.bam
seq2geno_temp/CH2522/stampy/remap.bam
seq2geno_temp/MHH14911/stampy/remap.bam
seq2geno_temp/MHH15103/stampy/remap.bam
seq2geno_temp/CH2500/stampy/remap.bam
seq2geno_temp/F2167/stampy/remap.bam
seq2geno_temp/CH2502/stampy/remap.bam
seq2geno_temp/ESP088/stampy/remap.bam
seq2geno_temp/F2097/stampy/remap.bam
seq2geno_temp/MHH15083/stampy/remap.sam
seq2geno_temp/F1659/stampy/remap.sam
seq2geno_temp/CH2522/stampy/remap.sam
seq2geno_temp/MHH14911/stampy/remap.sam
seq2geno_temp/MHH15103/stampy/remap.sam
seq2geno_temp/CH2500/stampy/remap.sam
seq2geno_temp/F2167/stampy/remap.sam
seq2geno_temp/CH2502/stampy/remap.sam
seq2geno_temp/ESP088/stampy/remap.sam
seq2geno_temp/F2097/stampy/remap.sam
seq2geno_temp/MHH15083/stampy/bwa1.sai
seq2geno_temp/MHH15083/stampy/bwa2.sai
seq2geno_temp/MHH15083/stampy/pre_bwa.bam
seq2geno_temp/F1659/stampy/bwa1.sai
seq2geno_temp/F1659/stampy/bwa2.sai
seq2geno_temp/F1659/stampy/pre_bwa.bam
seq2geno_temp/CH2522/stampy/bwa1.sai
seq2geno_temp/CH2522/stampy/bwa2.sai
seq2geno_temp/CH2522/stampy/pre_bwa.bam
seq2geno_temp/MHH14911/stampy/bwa1.sai
seq2geno_temp/MHH14911/stampy/bwa2.sai
seq2geno_temp/MHH14911/stampy/pre_bwa.bam
seq2geno_temp/MHH15103/stampy/bwa1.sai
seq2geno_temp/MHH15103/stampy/bwa2.sai
seq2geno_temp/MHH15103/stampy/pre_bwa.bam
seq2geno_temp/CH2500/stampy/bwa1.sai
seq2geno_temp/CH2500/stampy/bwa2.sai
seq2geno_temp/CH2500/stampy/pre_bwa.bam
seq2geno_temp/F2167/stampy/bwa1.sai
seq2geno_temp/F2167/stampy/bwa2.sai
seq2geno_temp/F2167/stampy/pre_bwa.bam
seq2geno_temp/CH2502/stampy/bwa1.sai
seq2geno_temp/CH2502/stampy/bwa2.sai
seq2geno_temp/CH2502/stampy/pre_bwa.bam
seq2geno_temp/ESP088/stampy/bwa1.sai
seq2geno_temp/ESP088/stampy/bwa2.sai
seq2geno_temp/ESP088/stampy/pre_bwa.bam
seq2geno_temp/F2097/stampy/bwa1.sai
seq2geno_temp/F2097/stampy/bwa2.sai
seq2geno_temp/F2097/stampy/pre_bwa.bam
