/net/metagenomics/data/from_moni/old.tzuhao/seq2geno/dev_versions/v3/results/expr.tab
/net/metagenomics/data/from_moni/old.tzuhao/seq2geno/dev_versions/v3/results/Paeru.nwk
tmp/rpg_dict
tmp/OneBig.var.aln
tmp/CH2522/sorted.rmdup.rpg
tmp/CH2500/sorted.rmdup.rpg
tmp/F1659/sorted.rmdup.rpg
tmp/CH2502/sorted.rmdup.rpg
tmp/OneBig.aln
tmp/CH2522/sorted.rmdup.sin
tmp/CH2500/sorted.rmdup.sin
tmp/F1659/sorted.rmdup.sin
tmp/CH2502/sorted.rmdup.sin
tmp/CH2522/bwa.cons.fa
tmp/CH2502/bwa.cons.fa
tmp/F1659/bwa.cons.fa
tmp/CH2500/bwa.cons.fa
tmp/CH2522/sorted.rmdup.sam
tmp/CH2500/sorted.rmdup.sam
tmp/F1659/sorted.rmdup.sam
tmp/CH2502/sorted.rmdup.sam
tmp/CH2522/bwa.vcf.gz
tmp/CH2502/bwa.vcf.gz
tmp/F1659/bwa.vcf.gz
tmp/CH2500/bwa.vcf.gz
/net/metagenomics/data/from_moni/old.tzuhao/seq2geno/dev_versions/v3/data/reference/RefCln_UCBPP-PA14.fa.fai
/net/metagenomics/data/from_moni/old.tzuhao/seq2geno/dev_versions/v3/data/reference/RefCln_UCBPP-PA14.fa.bwt
/net/metagenomics/data/from_moni/old.tzuhao/seq2geno/dev_versions/v3/data/reference/RefCln_UCBPP-PA14.fa.stidx
/net/metagenomics/data/from_moni/old.tzuhao/seq2geno/dev_versions/v3/data/reference/RefCln_UCBPP-PA14.fa.sthash
tmp/CH2522/bwa.vcf
tmp/CH2502/bwa.vcf
tmp/F1659/bwa.vcf
tmp/CH2500/bwa.vcf
tmp/CH2522/bwa.sorted.bam
tmp/CH2522/bwa.sorted.bam.bai
tmp/CH2502/bwa.sorted.bam
tmp/CH2502/bwa.sorted.bam.bai
tmp/F1659/bwa.sorted.bam
tmp/F1659/bwa.sorted.bam.bai
tmp/CH2500/bwa.sorted.bam
tmp/CH2500/bwa.sorted.bam.bai
tmp/CH2522/bwa.raw.bam
tmp/CH2502/bwa.raw.bam
tmp/F1659/bwa.raw.bam
tmp/CH2500/bwa.raw.bam
