/net/metagenomics/data/from_moni/old.tzuhao/seq2geno/dev_versions/v5/results/annot.tab
indels_stats.txt
/net/metagenomics/data/from_moni/old.tzuhao/seq2geno/dev_versions/v5/results/annot.tab_GROUPS
/net/metagenomics/data/from_moni/old.tzuhao/seq2geno/dev_versions/v5/results/annot.tab_NON-RDNT
seq2geno_temp/indel.list
seq2geno_temp/extracted_proteins_nt/__snakemake_dynamic___indels.txt
seq2geno_temp/extracted_proteins_nt/__snakemake_dynamic___indels.gff
seq2geno_temp/extracted_proteins_nt/__snakemake_dynamic___indel_stats.txt
seq2geno_temp/extracted_proteins_nt/__snakemake_dynamic__.vcf
seq2geno_temp/extracted_proteins_nt/__snakemake_dynamic__.aln
